
Microsoft Visual Studio Solution File, Format Version 12.00
Project("{FAE04EC0-301F-11D3-BF4B-00C04F79EFBC}") = "SpaceInvaders2", "SpaceInvaders2\SpaceInvaders2.csproj", "{32BCC698-3BBF-4286-82AC-EC6F97E8FA68}"
EndProject
Global
	GlobalSection(SolutionConfigurationPlatforms) = preSolution
		Debug|Any CPU = Debug|Any CPU
		Release|Any CPU = Release|Any CPU
	EndGlobalSection
	GlobalSection(ProjectConfigurationPlatforms) = postSolution
		{32BCC698-3BBF-4286-82AC-EC6F97E8FA68}.Debug|Any CPU.ActiveCfg = Debug|Any CPU
		{32BCC698-3BBF-4286-82AC-EC6F97E8FA68}.Debug|Any CPU.Build.0 = Debug|Any CPU
		{32BCC698-3BBF-4286-82AC-EC6F97E8FA68}.Release|Any CPU.ActiveCfg = Release|Any CPU
		{32BCC698-3BBF-4286-82AC-EC6F97E8FA68}.Release|Any CPU.Build.0 = Release|Any CPU
	EndGlobalSection
EndGlobal
